
Microsoft Visual Studio Solution File, Format Version 12.00
# Visual Studio Version 16
VisualStudioVersion = 16.0.30413.136
MinimumVisualStudioVersion = 10.0.40219.1
Project("{FAE04EC0-301F-11D3-BF4B-00C04F79EFBC}") = "DatabaseApp", "DatabaseApp.csproj", "{7CDADE82-B741-4B4E-B2BE-20DBFD52FC47}"
EndProject
Global
	GlobalSection(SolutionConfigurationPlatforms) = preSolution
		Debug|Any CPU = Debug|Any CPU
		Release|Any CPU = Release|Any CPU
	EndGlobalSection
	GlobalSection(ProjectConfigurationPlatforms) = postSolution
		{7CDADE82-B741-4B4E-B2BE-20DBFD52FC47}.Debug|Any CPU.ActiveCfg = Debug|Any CPU
		{7CDADE82-B741-4B4E-B2BE-20DBFD52FC47}.Debug|Any CPU.Build.0 = Debug|Any CPU
		{7CDADE82-B741-4B4E-B2BE-20DBFD52FC47}.Release|Any CPU.ActiveCfg = Release|Any CPU
		{7CDADE82-B741-4B4E-B2BE-20DBFD52FC47}.Release|Any CPU.Build.0 = Release|Any CPU
	EndGlobalSection
	GlobalSection(SolutionProperties) = preSolution
		HideSolutionNode = FALSE
	EndGlobalSection
	GlobalSection(ExtensibilityGlobals) = postSolution
		SolutionGuid = {34E104B7-6AD6-42BB-BE92-D855E9CEF9B3}
	EndGlobalSection
EndGlobal
